{
  "name": "wueXtend",
  "version": "1.0.4",
  "lockfileVersion": 1,
  "requires": true,
  "dependencies": {
    "@transcend-io/conflux": {
      "version": "2.0.2",
      "resolved": "https://registry.npmjs.org/@transcend-io/conflux/-/conflux-2.0.2.tgz",
      "integrity": "sha512-8tButhsDtrlj4eK9cYhkMf78yPqSeBQfCjT2CSxaaOsgo2I0awMjkKiCB+t6/pL37BFJBbxnGyKOHZQWAzEg3Q==",
      "requires": {
        "pako": "^1.0.11",
        "web-streams-polyfill": "^2.1.0"
      },
      "dependencies": {
        "pako": {
          "version": "1.0.11",
          "resolved": "https://registry.npmjs.org/pako/-/pako-1.0.11.tgz",
          "integrity": "sha512-4hLB8Py4zZce5s4yd9XzopqwVv/yGNhV1Bl8NTmCq1763HeK2+EwVTv+leGeL13Dnh2wfbqowVPXCIO0z4taYw=="
        }
      }
    },
    "web-streams-polyfill": {
      "version": "2.1.1",
      "resolved": "https://registry.npmjs.org/web-streams-polyfill/-/web-streams-polyfill-2.1.1.tgz",
      "integrity": "sha512-dlNpL2aab3g8CKfGz6rl8FNmGaRWLLn2g/DtSc9IjB30mEdE6XxzPfPSig5BwGSzI+oLxHyETrQGKjrVVhbLCg=="
    },
    "webextension-polyfill": {
      "version": "0.5.0",
      "resolved": "https://registry.npmjs.org/webextension-polyfill/-/webextension-polyfill-0.5.0.tgz",
      "integrity": "sha512-aFrl38x43t1bTboX/paCT8I97+idzX/TY0+fuM52hrIkCpYfROEF9kSn0BXuEIi3J9LTYt2ZZKkhx9NB1qF3nA==",
      "dev": true
    }
  }
}
